
Microsoft Visual Studio Solution File, Format Version 12.00
# Visual Studio Version 17
VisualStudioVersion = 17.9.34728.123
MinimumVisualStudioVersion = 10.0.40219.1
Project("{FAE04EC0-301F-11D3-BF4B-00C04F79EFBC}") = "calculadora", "calculadora\calculadora.csproj", "{BF38ED08-C383-4159-807A-3E467A0FF44B}"
EndProject
Global
	GlobalSection(SolutionConfigurationPlatforms) = preSolution
		Debug|Any CPU = Debug|Any CPU
		Release|Any CPU = Release|Any CPU
	EndGlobalSection
	GlobalSection(ProjectConfigurationPlatforms) = postSolution
		{BF38ED08-C383-4159-807A-3E467A0FF44B}.Debug|Any CPU.ActiveCfg = Debug|Any CPU
		{BF38ED08-C383-4159-807A-3E467A0FF44B}.Debug|Any CPU.Build.0 = Debug|Any CPU
		{BF38ED08-C383-4159-807A-3E467A0FF44B}.Release|Any CPU.ActiveCfg = Release|Any CPU
		{BF38ED08-C383-4159-807A-3E467A0FF44B}.Release|Any CPU.Build.0 = Release|Any CPU
	EndGlobalSection
	GlobalSection(SolutionProperties) = preSolution
		HideSolutionNode = FALSE
	EndGlobalSection
	GlobalSection(ExtensibilityGlobals) = postSolution
		SolutionGuid = {A6FDD991-BA82-461B-9A90-7C42E4FDBB34}
	EndGlobalSection
EndGlobal
